
Microsoft Visual Studio Solution File, Format Version 12.00
# Visual Studio Version 16
VisualStudioVersion = 16.0.31605.320
MinimumVisualStudioVersion = 10.0.40219.1
Project("{2150E333-8FDC-42A3-9474-1A3956D46DE8}") = "test", "test", "{F24159BA-B457-4A1A-A3D1-1B0FB38AE2A2}"
EndProject
Project("{2150E333-8FDC-42A3-9474-1A3956D46DE8}") = "src", "src", "{18DB1D35-9302-4ECA-8781-3811FC03CE79}"
EndProject
Project("{9A19103F-16F7-4668-BE54-9A1E7A4F7556}") = "game_engine", "src\game_engine\game_engine.csproj", "{FE563E55-4DC0-4F35-B3D6-305D7FA0B91B}"
EndProject
Project("{9A19103F-16F7-4668-BE54-9A1E7A4F7556}") = "test_main_cli", "test\test_main_cli\test_main_cli.csproj", "{839D61E6-ED91-459C-A1FB-B888CFD91EF5}"
EndProject
Project("{9A19103F-16F7-4668-BE54-9A1E7A4F7556}") = "main_cli", "src\main_cli\main_cli.csproj", "{F0817143-FB41-49C3-B4B9-D3A907D640B0}"
EndProject
Project("{9A19103F-16F7-4668-BE54-9A1E7A4F7556}") = "test_game_engine", "test\test_game_engine\test_game_engine.csproj", "{1D7BC474-378B-416F-8240-A98DA990CAAB}"
EndProject
Project("{2150E333-8FDC-42A3-9474-1A3956D46DE8}") = "Solution Items", "Solution Items", "{ECB0C160-DE7A-4D63-927A-559BC089B923}"
	ProjectSection(SolutionItems) = preProject
		todo.md = todo.md
	EndProjectSection
EndProject
Project("{FAE04EC0-301F-11D3-BF4B-00C04F79EFBC}") = "game_system_rulesets", "src\game_system_rulesets\game_system_rulesets.csproj", "{F1E64E86-948A-4BB5-B6CC-217C9666A036}"
EndProject
Global
	GlobalSection(SolutionConfigurationPlatforms) = preSolution
		Debug|Any CPU = Debug|Any CPU
		Release|Any CPU = Release|Any CPU
	EndGlobalSection
	GlobalSection(ProjectConfigurationPlatforms) = postSolution
		{FE563E55-4DC0-4F35-B3D6-305D7FA0B91B}.Debug|Any CPU.ActiveCfg = Debug|Any CPU
		{FE563E55-4DC0-4F35-B3D6-305D7FA0B91B}.Debug|Any CPU.Build.0 = Debug|Any CPU
		{FE563E55-4DC0-4F35-B3D6-305D7FA0B91B}.Release|Any CPU.ActiveCfg = Release|Any CPU
		{FE563E55-4DC0-4F35-B3D6-305D7FA0B91B}.Release|Any CPU.Build.0 = Release|Any CPU
		{839D61E6-ED91-459C-A1FB-B888CFD91EF5}.Debug|Any CPU.ActiveCfg = Debug|Any CPU
		{839D61E6-ED91-459C-A1FB-B888CFD91EF5}.Debug|Any CPU.Build.0 = Debug|Any CPU
		{839D61E6-ED91-459C-A1FB-B888CFD91EF5}.Release|Any CPU.ActiveCfg = Release|Any CPU
		{839D61E6-ED91-459C-A1FB-B888CFD91EF5}.Release|Any CPU.Build.0 = Release|Any CPU
		{F0817143-FB41-49C3-B4B9-D3A907D640B0}.Debug|Any CPU.ActiveCfg = Debug|Any CPU
		{F0817143-FB41-49C3-B4B9-D3A907D640B0}.Debug|Any CPU.Build.0 = Debug|Any CPU
		{F0817143-FB41-49C3-B4B9-D3A907D640B0}.Release|Any CPU.ActiveCfg = Release|Any CPU
		{F0817143-FB41-49C3-B4B9-D3A907D640B0}.Release|Any CPU.Build.0 = Release|Any CPU
		{1D7BC474-378B-416F-8240-A98DA990CAAB}.Debug|Any CPU.ActiveCfg = Debug|Any CPU
		{1D7BC474-378B-416F-8240-A98DA990CAAB}.Debug|Any CPU.Build.0 = Debug|Any CPU
		{1D7BC474-378B-416F-8240-A98DA990CAAB}.Release|Any CPU.ActiveCfg = Release|Any CPU
		{1D7BC474-378B-416F-8240-A98DA990CAAB}.Release|Any CPU.Build.0 = Release|Any CPU
		{F1E64E86-948A-4BB5-B6CC-217C9666A036}.Debug|Any CPU.ActiveCfg = Debug|Any CPU
		{F1E64E86-948A-4BB5-B6CC-217C9666A036}.Debug|Any CPU.Build.0 = Debug|Any CPU
		{F1E64E86-948A-4BB5-B6CC-217C9666A036}.Release|Any CPU.ActiveCfg = Release|Any CPU
		{F1E64E86-948A-4BB5-B6CC-217C9666A036}.Release|Any CPU.Build.0 = Release|Any CPU
	EndGlobalSection
	GlobalSection(SolutionProperties) = preSolution
		HideSolutionNode = FALSE
	EndGlobalSection
	GlobalSection(NestedProjects) = preSolution
		{FE563E55-4DC0-4F35-B3D6-305D7FA0B91B} = {18DB1D35-9302-4ECA-8781-3811FC03CE79}
		{839D61E6-ED91-459C-A1FB-B888CFD91EF5} = {F24159BA-B457-4A1A-A3D1-1B0FB38AE2A2}
		{F0817143-FB41-49C3-B4B9-D3A907D640B0} = {18DB1D35-9302-4ECA-8781-3811FC03CE79}
		{1D7BC474-378B-416F-8240-A98DA990CAAB} = {F24159BA-B457-4A1A-A3D1-1B0FB38AE2A2}
		{F1E64E86-948A-4BB5-B6CC-217C9666A036} = {18DB1D35-9302-4ECA-8781-3811FC03CE79}
	EndGlobalSection
	GlobalSection(ExtensibilityGlobals) = postSolution
		SolutionGuid = {38722C14-8AD7-4B61-B0FA-CD20E48B429C}
	EndGlobalSection
EndGlobal
